
Microsoft Visual Studio Solution File, Format Version 12.00
# Visual Studio Version 17
VisualStudioVersion = 17.2.32630.192
MinimumVisualStudioVersion = 10.0.40219.1
Project("{9A19103F-16F7-4668-BE54-9A1E7A4F7556}") = "R5T.Z0012", "R5T.Z0012\R5T.Z0012.csproj", "{CAB94B22-C1ED-445F-9D57-76BC89104467}"
EndProject
Global
	GlobalSection(SolutionConfigurationPlatforms) = preSolution
		Debug|Any CPU = Debug|Any CPU
		Release|Any CPU = Release|Any CPU
	EndGlobalSection
	GlobalSection(ProjectConfigurationPlatforms) = postSolution
		{CAB94B22-C1ED-445F-9D57-76BC89104467}.Debug|Any CPU.ActiveCfg = Debug|Any CPU
		{CAB94B22-C1ED-445F-9D57-76BC89104467}.Debug|Any CPU.Build.0 = Debug|Any CPU
		{CAB94B22-C1ED-445F-9D57-76BC89104467}.Release|Any CPU.ActiveCfg = Release|Any CPU
		{CAB94B22-C1ED-445F-9D57-76BC89104467}.Release|Any CPU.Build.0 = Release|Any CPU
	EndGlobalSection
	GlobalSection(SolutionProperties) = preSolution
		HideSolutionNode = FALSE
	EndGlobalSection
	GlobalSection(ExtensibilityGlobals) = postSolution
		SolutionGuid = {BF4F0659-16DD-42A1-B856-F1D58E691303}
	EndGlobalSection
EndGlobal
